
Microsoft Visual Studio Solution File, Format Version 12.00
# Visual Studio 14
VisualStudioVersion = 14.0.25420.1
MinimumVisualStudioVersion = 10.0.40219.1
Project("{FAE04EC0-301F-11D3-BF4B-00C04F79EFBC}") = "01. Methods Revisited", "01. Methods Revisited\01. Methods Revisited.csproj", "{6D1C06E0-5F0C-4004-B421-425EFD6E13CD}"
EndProject
Project("{FAE04EC0-301F-11D3-BF4B-00C04F79EFBC}") = "02. Reading and Writing Files", "02. Reading and Writing Files\02. Reading and Writing Files.csproj", "{12FB1E6E-B808-4284-82DB-C35969F020A1}"
EndProject
Project("{FAE04EC0-301F-11D3-BF4B-00C04F79EFBC}") = "03. Error Handling and Exceptions", "03. Error Handling and Exceptions\03. Error Handling and Exceptions.csproj", "{4EC97BF2-C9ED-4896-9CE6-97EA30CC03CA}"
EndProject
Project("{FAE04EC0-301F-11D3-BF4B-00C04F79EFBC}") = "04. Delegates", "04. Delegates\04. Delegates.csproj", "{CC0DE92F-48E5-41D7-9E6E-EB17542ABD9C}"
EndProject
Project("{FAE04EC0-301F-11D3-BF4B-00C04F79EFBC}") = "05. Delegate Chaining", "05. Delegate Chaining\05. Delegate Chaining.csproj", "{80CA3B2E-2A9D-4244-A2D7-1B1EDC5B2EC4}"
EndProject
Project("{FAE04EC0-301F-11D3-BF4B-00C04F79EFBC}") = "06. Events", "06. Events\06. Events.csproj", "{45A6ADA5-B714-4CFC-A4CD-71B6EAEF0603}"
EndProject
Project("{FAE04EC0-301F-11D3-BF4B-00C04F79EFBC}") = "07. Common Delegate Types Used with Events", "07. Common Delegate Types Used with Events\07. Common Delegate Types Used with Events.csproj", "{AA6190CF-C744-456A-8823-D5CB8E4C54B4}"
EndProject
Project("{FAE04EC0-301F-11D3-BF4B-00C04F79EFBC}") = "08. Operator Overloading", "08. Operator Overloading\08. Operator Overloading.csproj", "{ED19C0F9-BA78-4D66-8B80-473713DC1C16}"
EndProject
Project("{FAE04EC0-301F-11D3-BF4B-00C04F79EFBC}") = "09. 3D Vectors", "09. 3D Vectors\09. 3D Vectors.csproj", "{ACBCFC27-F366-4729-895D-46CC582CF7DE}"
EndProject
Project("{FAE04EC0-301F-11D3-BF4B-00C04F79EFBC}") = "10. Indexers", "10. Indexers\10. Indexers.csproj", "{73EFACBA-2E49-4BCC-922B-CE2D97DF4B1C}"
EndProject
Project("{FAE04EC0-301F-11D3-BF4B-00C04F79EFBC}") = "11. Creating a Dictionary", "11. Creating a Dictionary\11. Creating a Dictionary.csproj", "{7A6E895B-5E09-477B-8C1B-48738705E220}"
EndProject
Project("{FAE04EC0-301F-11D3-BF4B-00C04F79EFBC}") = "12. Extension Methods", "12. Extension Methods\12. Extension Methods.csproj", "{04780A7A-51ED-4C16-A81E-BE987646022D}"
EndProject
Project("{FAE04EC0-301F-11D3-BF4B-00C04F79EFBC}") = "13. Count Text", "13. Count Text\13. Count Text.csproj", "{3475276E-EA9C-49DF-B18B-4970B478DECE}"
EndProject
Project("{FAE04EC0-301F-11D3-BF4B-00C04F79EFBC}") = "14. Lines of Code", "14. Lines of Code\14. Lines of Code.csproj", "{2D88511D-E4D5-41F9-A519-D1FE4CD1B403}"
EndProject
Project("{FAE04EC0-301F-11D3-BF4B-00C04F79EFBC}") = "15. Lambda Expressions", "15. Lambda Expressions\15. Lambda Expressions.csproj", "{11912B7F-C564-456F-BD3D-E597F101C18D}"
EndProject
Project("{FAE04EC0-301F-11D3-BF4B-00C04F79EFBC}") = "16. Query Expressions", "16. Query Expression\16. Query Expressions.csproj", "{FEED2E87-3839-4261-AAA7-11F87CE94E33}"
EndProject
Project("{FAE04EC0-301F-11D3-BF4B-00C04F79EFBC}") = "17. Procedural Programming", "17. Procedural Programming\17. Procedural Programming.csproj", "{DB636CCB-65BA-4F20-9D59-2DA891AF2FAE}"
EndProject
Global
	GlobalSection(SolutionConfigurationPlatforms) = preSolution
		Debug|Any CPU = Debug|Any CPU
		Release|Any CPU = Release|Any CPU
	EndGlobalSection
	GlobalSection(ProjectConfigurationPlatforms) = postSolution
		{6D1C06E0-5F0C-4004-B421-425EFD6E13CD}.Debug|Any CPU.ActiveCfg = Debug|Any CPU
		{6D1C06E0-5F0C-4004-B421-425EFD6E13CD}.Debug|Any CPU.Build.0 = Debug|Any CPU
		{6D1C06E0-5F0C-4004-B421-425EFD6E13CD}.Release|Any CPU.ActiveCfg = Release|Any CPU
		{6D1C06E0-5F0C-4004-B421-425EFD6E13CD}.Release|Any CPU.Build.0 = Release|Any CPU
		{12FB1E6E-B808-4284-82DB-C35969F020A1}.Debug|Any CPU.ActiveCfg = Debug|Any CPU
		{12FB1E6E-B808-4284-82DB-C35969F020A1}.Debug|Any CPU.Build.0 = Debug|Any CPU
		{12FB1E6E-B808-4284-82DB-C35969F020A1}.Release|Any CPU.ActiveCfg = Release|Any CPU
		{12FB1E6E-B808-4284-82DB-C35969F020A1}.Release|Any CPU.Build.0 = Release|Any CPU
		{4EC97BF2-C9ED-4896-9CE6-97EA30CC03CA}.Debug|Any CPU.ActiveCfg = Debug|Any CPU
		{4EC97BF2-C9ED-4896-9CE6-97EA30CC03CA}.Debug|Any CPU.Build.0 = Debug|Any CPU
		{4EC97BF2-C9ED-4896-9CE6-97EA30CC03CA}.Release|Any CPU.ActiveCfg = Release|Any CPU
		{4EC97BF2-C9ED-4896-9CE6-97EA30CC03CA}.Release|Any CPU.Build.0 = Release|Any CPU
		{CC0DE92F-48E5-41D7-9E6E-EB17542ABD9C}.Debug|Any CPU.ActiveCfg = Debug|Any CPU
		{CC0DE92F-48E5-41D7-9E6E-EB17542ABD9C}.Debug|Any CPU.Build.0 = Debug|Any CPU
		{CC0DE92F-48E5-41D7-9E6E-EB17542ABD9C}.Release|Any CPU.ActiveCfg = Release|Any CPU
		{CC0DE92F-48E5-41D7-9E6E-EB17542ABD9C}.Release|Any CPU.Build.0 = Release|Any CPU
		{80CA3B2E-2A9D-4244-A2D7-1B1EDC5B2EC4}.Debug|Any CPU.ActiveCfg = Debug|Any CPU
		{80CA3B2E-2A9D-4244-A2D7-1B1EDC5B2EC4}.Debug|Any CPU.Build.0 = Debug|Any CPU
		{80CA3B2E-2A9D-4244-A2D7-1B1EDC5B2EC4}.Release|Any CPU.ActiveCfg = Release|Any CPU
		{80CA3B2E-2A9D-4244-A2D7-1B1EDC5B2EC4}.Release|Any CPU.Build.0 = Release|Any CPU
		{45A6ADA5-B714-4CFC-A4CD-71B6EAEF0603}.Debug|Any CPU.ActiveCfg = Debug|Any CPU
		{45A6ADA5-B714-4CFC-A4CD-71B6EAEF0603}.Debug|Any CPU.Build.0 = Debug|Any CPU
		{45A6ADA5-B714-4CFC-A4CD-71B6EAEF0603}.Release|Any CPU.ActiveCfg = Release|Any CPU
		{45A6ADA5-B714-4CFC-A4CD-71B6EAEF0603}.Release|Any CPU.Build.0 = Release|Any CPU
		{AA6190CF-C744-456A-8823-D5CB8E4C54B4}.Debug|Any CPU.ActiveCfg = Debug|Any CPU
		{AA6190CF-C744-456A-8823-D5CB8E4C54B4}.Debug|Any CPU.Build.0 = Debug|Any CPU
		{AA6190CF-C744-456A-8823-D5CB8E4C54B4}.Release|Any CPU.ActiveCfg = Release|Any CPU
		{AA6190CF-C744-456A-8823-D5CB8E4C54B4}.Release|Any CPU.Build.0 = Release|Any CPU
		{ED19C0F9-BA78-4D66-8B80-473713DC1C16}.Debug|Any CPU.ActiveCfg = Debug|Any CPU
		{ED19C0F9-BA78-4D66-8B80-473713DC1C16}.Debug|Any CPU.Build.0 = Debug|Any CPU
		{ED19C0F9-BA78-4D66-8B80-473713DC1C16}.Release|Any CPU.ActiveCfg = Release|Any CPU
		{ED19C0F9-BA78-4D66-8B80-473713DC1C16}.Release|Any CPU.Build.0 = Release|Any CPU
		{ACBCFC27-F366-4729-895D-46CC582CF7DE}.Debug|Any CPU.ActiveCfg = Debug|Any CPU
		{ACBCFC27-F366-4729-895D-46CC582CF7DE}.Debug|Any CPU.Build.0 = Debug|Any CPU
		{ACBCFC27-F366-4729-895D-46CC582CF7DE}.Release|Any CPU.ActiveCfg = Release|Any CPU
		{ACBCFC27-F366-4729-895D-46CC582CF7DE}.Release|Any CPU.Build.0 = Release|Any CPU
		{73EFACBA-2E49-4BCC-922B-CE2D97DF4B1C}.Debug|Any CPU.ActiveCfg = Debug|Any CPU
		{73EFACBA-2E49-4BCC-922B-CE2D97DF4B1C}.Debug|Any CPU.Build.0 = Debug|Any CPU
		{73EFACBA-2E49-4BCC-922B-CE2D97DF4B1C}.Release|Any CPU.ActiveCfg = Release|Any CPU
		{73EFACBA-2E49-4BCC-922B-CE2D97DF4B1C}.Release|Any CPU.Build.0 = Release|Any CPU
		{7A6E895B-5E09-477B-8C1B-48738705E220}.Debug|Any CPU.ActiveCfg = Debug|Any CPU
		{7A6E895B-5E09-477B-8C1B-48738705E220}.Debug|Any CPU.Build.0 = Debug|Any CPU
		{7A6E895B-5E09-477B-8C1B-48738705E220}.Release|Any CPU.ActiveCfg = Release|Any CPU
		{7A6E895B-5E09-477B-8C1B-48738705E220}.Release|Any CPU.Build.0 = Release|Any CPU
		{04780A7A-51ED-4C16-A81E-BE987646022D}.Debug|Any CPU.ActiveCfg = Debug|Any CPU
		{04780A7A-51ED-4C16-A81E-BE987646022D}.Debug|Any CPU.Build.0 = Debug|Any CPU
		{04780A7A-51ED-4C16-A81E-BE987646022D}.Release|Any CPU.ActiveCfg = Release|Any CPU
		{04780A7A-51ED-4C16-A81E-BE987646022D}.Release|Any CPU.Build.0 = Release|Any CPU
		{3475276E-EA9C-49DF-B18B-4970B478DECE}.Debug|Any CPU.ActiveCfg = Debug|Any CPU
		{3475276E-EA9C-49DF-B18B-4970B478DECE}.Debug|Any CPU.Build.0 = Debug|Any CPU
		{3475276E-EA9C-49DF-B18B-4970B478DECE}.Release|Any CPU.ActiveCfg = Release|Any CPU
		{3475276E-EA9C-49DF-B18B-4970B478DECE}.Release|Any CPU.Build.0 = Release|Any CPU
		{2D88511D-E4D5-41F9-A519-D1FE4CD1B403}.Debug|Any CPU.ActiveCfg = Debug|Any CPU
		{2D88511D-E4D5-41F9-A519-D1FE4CD1B403}.Debug|Any CPU.Build.0 = Debug|Any CPU
		{2D88511D-E4D5-41F9-A519-D1FE4CD1B403}.Release|Any CPU.ActiveCfg = Release|Any CPU
		{2D88511D-E4D5-41F9-A519-D1FE4CD1B403}.Release|Any CPU.Build.0 = Release|Any CPU
		{11912B7F-C564-456F-BD3D-E597F101C18D}.Debug|Any CPU.ActiveCfg = Debug|Any CPU
		{11912B7F-C564-456F-BD3D-E597F101C18D}.Debug|Any CPU.Build.0 = Debug|Any CPU
		{11912B7F-C564-456F-BD3D-E597F101C18D}.Release|Any CPU.ActiveCfg = Release|Any CPU
		{11912B7F-C564-456F-BD3D-E597F101C18D}.Release|Any CPU.Build.0 = Release|Any CPU
		{FEED2E87-3839-4261-AAA7-11F87CE94E33}.Debug|Any CPU.ActiveCfg = Debug|Any CPU
		{FEED2E87-3839-4261-AAA7-11F87CE94E33}.Debug|Any CPU.Build.0 = Debug|Any CPU
		{FEED2E87-3839-4261-AAA7-11F87CE94E33}.Release|Any CPU.ActiveCfg = Release|Any CPU
		{FEED2E87-3839-4261-AAA7-11F87CE94E33}.Release|Any CPU.Build.0 = Release|Any CPU
		{DB636CCB-65BA-4F20-9D59-2DA891AF2FAE}.Debug|Any CPU.ActiveCfg = Debug|Any CPU
		{DB636CCB-65BA-4F20-9D59-2DA891AF2FAE}.Debug|Any CPU.Build.0 = Debug|Any CPU
		{DB636CCB-65BA-4F20-9D59-2DA891AF2FAE}.Release|Any CPU.ActiveCfg = Release|Any CPU
		{DB636CCB-65BA-4F20-9D59-2DA891AF2FAE}.Release|Any CPU.Build.0 = Release|Any CPU
	EndGlobalSection
	GlobalSection(SolutionProperties) = preSolution
		HideSolutionNode = FALSE
	EndGlobalSection
EndGlobal
